
Microsoft Visual Studio Solution File, Format Version 12.00
# Visual Studio Version 17
VisualStudioVersion = 17.7.34009.444
MinimumVisualStudioVersion = 10.0.40219.1
Project("{FAE04EC0-301F-11D3-BF4B-00C04F79EFBC}") = "Numberguesser", "Numberguesser.csproj", "{C01223E7-434A-4A62-A963-3533D3446CBB}"
EndProject
Global
	GlobalSection(SolutionConfigurationPlatforms) = preSolution
		Debug|Any CPU = Debug|Any CPU
		Release|Any CPU = Release|Any CPU
	EndGlobalSection
	GlobalSection(ProjectConfigurationPlatforms) = postSolution
		{C01223E7-434A-4A62-A963-3533D3446CBB}.Debug|Any CPU.ActiveCfg = Debug|Any CPU
		{C01223E7-434A-4A62-A963-3533D3446CBB}.Debug|Any CPU.Build.0 = Debug|Any CPU
		{C01223E7-434A-4A62-A963-3533D3446CBB}.Release|Any CPU.ActiveCfg = Release|Any CPU
		{C01223E7-434A-4A62-A963-3533D3446CBB}.Release|Any CPU.Build.0 = Release|Any CPU
	EndGlobalSection
	GlobalSection(SolutionProperties) = preSolution
		HideSolutionNode = FALSE
	EndGlobalSection
	GlobalSection(ExtensibilityGlobals) = postSolution
		SolutionGuid = {677E9A9B-766A-405A-BF26-11EDB9985F07}
	EndGlobalSection
EndGlobal
